
Microsoft Visual Studio Solution File, Format Version 12.00
# Visual Studio Version 17
VisualStudioVersion = 17.11.35312.102
MinimumVisualStudioVersion = 10.0.40219.1
Project("{FAE04EC0-301F-11D3-BF4B-00C04F79EFBC}") = "teachers-lounge-server", "teachers-lounge-server.csproj", "{CAB894CA-B061-403F-8777-334913B44361}"
EndProject
Global
	GlobalSection(SolutionConfigurationPlatforms) = preSolution
		Debug|Any CPU = Debug|Any CPU
		Release|Any CPU = Release|Any CPU
	EndGlobalSection
	GlobalSection(ProjectConfigurationPlatforms) = postSolution
		{CAB894CA-B061-403F-8777-334913B44361}.Debug|Any CPU.ActiveCfg = Debug|Any CPU
		{CAB894CA-B061-403F-8777-334913B44361}.Debug|Any CPU.Build.0 = Debug|Any CPU
		{CAB894CA-B061-403F-8777-334913B44361}.Release|Any CPU.ActiveCfg = Release|Any CPU
		{CAB894CA-B061-403F-8777-334913B44361}.Release|Any CPU.Build.0 = Release|Any CPU
	EndGlobalSection
	GlobalSection(SolutionProperties) = preSolution
		HideSolutionNode = FALSE
	EndGlobalSection
	GlobalSection(ExtensibilityGlobals) = postSolution
		SolutionGuid = {AEC35ABC-E882-41F5-B5DA-639833801328}
	EndGlobalSection
EndGlobal
